// !$*UTF8*$!
{
	archiveVersion = 1;
	classes = {
	};
	objectVersion = 50;
	objects = {

/* Begin PBXBuildFile section */
		DD54E64E24F70416007F6C22 /* AppDelegate.swift in Sources */ = {isa = PBXBuildFile; fileRef = DD54E64D24F70416007F6C22 /* AppDelegate.swift */; };
		DD54E65024F70416007F6C22 /* SceneDelegate.swift in Sources */ = {isa = PBXBuildFile; fileRef = DD54E64F24F70416007F6C22 /* SceneDelegate.swift */; };
		DD54E65224F70416007F6C22 /* ContentView.swift in Sources */ = {isa = PBXBuildFile; fileRef = DD54E65124F70416007F6C22 /* ContentView.swift */; };
		DD54E65424F70417007F6C22 /* Assets.xcassets in Resources */ = {isa = PBXBuildFile; fileRef = DD54E65324F70417007F6C22 /* Assets.xcassets */; };
		DD54E65724F70417007F6C22 /* Preview Assets.xcassets in Resources */ = {isa = PBXBuildFile; fileRef = DD54E65624F70417007F6C22 /* Preview Assets.xcassets */; };
		DD54E65A24F70417007F6C22 /* LaunchScreen.storyboard in Resources */ = {isa = PBXBuildFile; fileRef = DD54E65824F70417007F6C22 /* LaunchScreen.storyboard */; };
/* End PBXBuildFile section */

/* Begin PBXFileReference section */
		DD54E64A24F70416007F6C22 /* BYUH-History-Visualization-IOS.app */ = {isa = PBXFileReference; explicitFileType = wrapper.application; includeInIndex = 0; path = "BYUH-History-Visualization-IOS.app"; sourceTree = BUILT_PRODUCTS_DIR; };
		DD54E64D24F70416007F6C22 /* AppDelegate.swift */ = {isa = PBXFileReference; lastKnownFileType = sourcecode.swift; path = AppDelegate.swift; sourceTree = "<group>"; };
		DD54E64F24F70416007F6C22 /* SceneDelegate.swift */ = {isa = PBXFileReference; lastKnownFileType = sourcecode.swift; path = SceneDelegate.swift; sourceTree = "<group>"; };
		DD54E65124F70416007F6C22 /* ContentView.swift */ = {isa = PBXFileReference; lastKnownFileType = sourcecode.swift; path = ContentView.swift; sourceTree = "<group>"; };
		DD54E65324F70417007F6C22 /* Assets.xcassets */ = {isa = PBXFileReference; lastKnownFileType = folder.assetcatalog; path = Assets.xcassets; sourceTree = "<group>"; };
		DD54E65624F70417007F6C22 /* Preview Assets.xcassets */ = {isa = PBXFileReference; lastKnownFileType = folder.assetcatalog; path = "Preview Assets.xcassets"; sourceTree = "<group>"; };
		DD54E65924F70417007F6C22 /* Base */ = {isa = PBXFileReference; lastKnownFileType = file.storyboard; name = Base; path = Base.lproj/LaunchScreen.storyboard; sourceTree = "<group>"; };
		DD54E65B24F70417007F6C22 /* Info.plist */ = {isa = PBXFileReference; lastKnownFileType = text.plist.xml; path = Info.plist; sourceTree = "<group>"; };
/* End PBXFileReference section */

/* Begin PBXFrameworksBuildPhase section */
		DD54E64724F70416007F6C22 /* Frameworks */ = {
			isa = PBXFrameworksBuildPhase;
			buildActionMask = 2147483647;
			files = (
			);
			runOnlyForDeploymentPostprocessing = 0;
		};
/* End PBXFrameworksBuildPhase section */

/* Begin PBXGroup section */
		DD54E64124F70416007F6C22 = {
			isa = PBXGroup;
			children = (
				DD54E64C24F70416007F6C22 /* BYUH-History-Visualization-IOS */,
				DD54E64B24F70416007F6C22 /* Products */,
			);
			sourceTree = "<group>";
		};
		DD54E64B24F70416007F6C22 /* Products */ = {
			isa = PBXGroup;
			children = (
				DD54E64A24F70416007F6C22 /* BYUH-History-Visualization-IOS.app */,
			);
			name = Products;
			sourceTree = "<group>";
		};
		DD54E64C24F70416007F6C22 /* BYUH-History-Visualization-IOS */ = {
			isa = PBXGroup;
			children = (
				DD54E64D24F70416007F6C22 /* AppDelegate.swift */,
				DD54E64F24F70416007F6C22 /* SceneDelegate.swift */,
				DD54E65124F70416007F6C22 /* ContentView.swift */,
				DD54E65324F70417007F6C22 /* Assets.xcassets */,
				DD54E65824F70417007F6C22 /* LaunchScreen.storyboard */,
				DD54E65B24F70417007F6C22 /* Info.plist */,
				DD54E65524F70417007F6C22 /* Preview Content */,
			);
			path = "BYUH-History-Visualization-IOS";
			sourceTree = "<group>";
		};
		DD54E65524F70417007F6C22 /* Preview Content */ = {
			isa = PBXGroup;
			children = (
				DD54E65624F70417007F6C22 /* Preview Assets.xcassets */,
			);
			path = "Preview Content";
			sourceTree = "<group>";
		};
/* End PBXGroup section */

/* Begin PBXNativeTarget section */
		DD54E64924F70416007F6C22 /* BYUH-History-Visualization-IOS */ = {
			isa = PBXNativeTarget;
			buildConfigurationList = DD54E65E24F70417007F6C22 /* Build configuration list for PBXNativeTarget "BYUH-History-Visualization-IOS" */;
			buildPhases = (
				DD54E64624F70416007F6C22 /* Sources */,
				DD54E64724F70416007F6C22 /* Frameworks */,
				DD54E64824F70416007F6C22 /* Resources */,
			);
			buildRules = (
			);
			dependencies = (
			);
			name = "BYUH-History-Visualization-IOS";
			productName = "BYUH-History-Visualization-IOS";
			productReference = DD54E64A24F70416007F6C22 /* BYUH-History-Visualization-IOS.app */;
			productType = "com.apple.product-type.application";
		};
/* End PBXNativeTarget section */

/* Begin PBXProject section */
		DD54E64224F70416007F6C22 /* Project object */ = {
			isa = PBXProject;
			attributes = {
				LastSwiftUpdateCheck = 1200;
				LastUpgradeCheck = 1200;
				TargetAttributes = {
					DD54E64924F70416007F6C22 = {
						CreatedOnToolsVersion = 12.0;
					};
				};
			};
			buildConfigurationList = DD54E64524F70416007F6C22 /* Build configuration list for PBXProject "BYUH-History-Visualization-IOS" */;
			compatibilityVersion = "Xcode 9.3";
			developmentRegion = en;
			hasScannedForEncodings = 0;
			knownRegions = (
				en,
				Base,
			);
			mainGroup = DD54E64124F70416007F6C22;
			productRefGroup = DD54E64B24F70416007F6C22 /* Products */;
			projectDirPath = "";
			projectRoot = "";
			targets = (
				DD54E64924F70416007F6C22 /* BYUH-History-Visualization-IOS */,
			);
		};
/* End PBXProject section */

/* Begin PBXResourcesBuildPhase section */
		DD54E64824F70416007F6C22 /* Resources */ = {
			isa = PBXResourcesBuildPhase;
			buildActionMask = 2147483647;
			files = (
				DD54E65A24F70417007F6C22 /* LaunchScreen.storyboard in Resources */,
				DD54E65724F70417007F6C22 /* Preview Assets.xcassets in Resources */,
				DD54E65424F70417007F6C22 /* Assets.xcassets in Resources */,
			);
			runOnlyForDeploymentPostprocessing = 0;
		};
/* End PBXResourcesBuildPhase section */

/* Begin PBXSourcesBuildPhase section */
		DD54E64624F70416007F6C22 /* Sources */ = {
			isa = PBXSourcesBuildPhase;
			buildActionMask = 2147483647;
			files = (
				DD54E64E24F70416007F6C22 /* AppDelegate.swift in Sources */,
				DD54E65024F70416007F6C22 /* SceneDelegate.swift in Sources */,
				DD54E65224F70416007F6C22 /* ContentView.swift in Sources */,
			);
			runOnlyForDeploymentPostprocessing = 0;
		};
/* End PBXSourcesBuildPhase section */

/* Begin PBXVariantGroup section */
		DD54E65824F70417007F6C22 /* LaunchScreen.storyboard */ = {
			isa = PBXVariantGroup;
			children = (
				DD54E65924F70417007F6C22 /* Base */,
			);
			name = LaunchScreen.storyboard;
			sourceTree = "<group>";
		};
/* End PBXVariantGroup section */

/* Begin XCBuildConfiguration section */
		DD54E65C24F70417007F6C22 /* Debug */ = {
			isa = XCBuildConfiguration;
			buildSettings = {
				ALWAYS_SEARCH_USER_PATHS = NO;
				CLANG_ANALYZER_NONNULL = YES;
				CLANG_ANALYZER_NUMBER_OBJECT_CONVERSION = YES_AGGRESSIVE;
				CLANG_CXX_LANGUAGE_STANDARD = "gnu++14";
				CLANG_CXX_LIBRARY = "libc++";
				CLANG_ENABLE_MODULES = YES;
				CLANG_ENABLE_OBJC_ARC = YES;
				CLANG_ENABLE_OBJC_WEAK = YES;
				CLANG_WARN_BLOCK_CAPTURE_AUTORELEASING = YES;
				CLANG_WARN_BOOL_CONVERSION = YES;
				CLANG_WARN_COMMA = YES;
				CLANG_WARN_CONSTANT_CONVERSION = YES;
				CLANG_WARN_DEPRECATED_OBJC_IMPLEMENTATIONS = YES;
				CLANG_WARN_DIRECT_OBJC_ISA_USAGE = YES_ERROR;
				CLANG_WARN_DOCUMENTATION_COMMENTS = YES;
				CLANG_WARN_EMPTY_BODY = YES;
				CLANG_WARN_ENUM_CONVERSION = YES;
				CLANG_WARN_INFINITE_RECURSION = YES;
				CLANG_WARN_INT_CONVERSION = YES;
				CLANG_WARN_NON_LITERAL_NULL_CONVERSION = YES;
				CLANG_WARN_OBJC_IMPLICIT_RETAIN_SELF = YES;
				CLANG_WARN_OBJC_LITERAL_CONVERSION = YES;
				CLANG_WARN_OBJC_ROOT_CLASS = YES_ERROR;
				CLANG_WARN_QUOTED_INCLUDE_IN_FRAMEWORK_HEADER = YES;
				CLANG_WARN_RANGE_LOOP_ANALYSIS = YES;
				CLANG_WARN_STRICT_PROTOTYPES = YES;
				CLANG_WARN_SUSPICIOUS_MOVE = YES;
				CLANG_WARN_UNGUARDED_AVAILABILITY = YES_AGGRESSIVE;
				CLANG_WARN_UNREACHABLE_CODE = YES;
				CLANG_WARN__DUPLICATE_METHOD_MATCH = YES;
				COPY_PHASE_STRIP = NO;
				DEBUG_INFORMATION_FORMAT = dwarf;
				ENABLE_STRICT_OBJC_MSGSEND = YES;
				ENABLE_TESTABILITY = YES;
				GCC_C_LANGUAGE_STANDARD = gnu11;
				GCC_DYNAMIC_NO_PIC = NO;
				GCC_NO_COMMON_BLOCKS = YES;
				GCC_OPTIMIZATION_LEVEL = 0;
				GCC_PREPROCESSOR_DEFINITIONS = (
					"DEBUG=1",
					"$(inherited)",
				);
				GCC_WARN_64_TO_32_BIT_CONVERSION = YES;
				GCC_WARN_ABOUT_RETURN_TYPE = YES_ERROR;
				GCC_WARN_UNDECLARED_SELECTOR = YES;
				GCC_WARN_UNINITIALIZED_AUTOS = YES_AGGRESSIVE;
				GCC_WARN_UNUSED_FUNCTION = YES;
				GCC_WARN_UNUSED_VARIABLE = YES;
				IPHONEOS_DEPLOYMENT_TARGET = 14.0;
				MTL_ENABLE_DEBUG_INFO = INCLUDE_SOURCE;
				MTL_FAST_MATH = YES;
				ONLY_ACTIVE_ARCH = YES;
				SDKROOT = iphoneos;
				SWIFT_ACTIVE_COMPILATION_CONDITIONS = DEBUG;
				SWIFT_OPTIMIZATION_LEVEL = "-Onone";
			};
			name = Debug;
		};
		DD54E65D24F70417007F6C22 /* Release */ = {
			isa = XCBuildConfiguration;
			buildSettings = {
				ALWAYS_SEARCH_USER_PATHS = NO;
				CLANG_ANALYZER_NONNULL = YES;
				CLANG_ANALYZER_NUMBER_OBJECT_CONVERSION = YES_AGGRESSIVE;
				CLANG_CXX_LANGUAGE_STANDARD = "gnu++14";
				CLANG_CXX_LIBRARY = "libc++";
				CLANG_ENABLE_MODULES = YES;
				CLANG_ENABLE_OBJC_ARC = YES;
				CLANG_ENABLE_OBJC_WEAK = YES;
				CLANG_WARN_BLOCK_CAPTURE_AUTORELEASING = YES;
				CLANG_WARN_BOOL_CONVERSION = YES;
				CLANG_WARN_COMMA = YES;
				CLANG_WARN_CONSTANT_CONVERSION = YES;
				CLANG_WARN_DEPRECATED_OBJC_IMPLEMENTATIONS = YES;
				CLANG_WARN_DIRECT_OBJC_ISA_USAGE = YES_ERROR;
				CLANG_WARN_DOCUMENTATION_COMMENTS = YES;
				CLANG_WARN_EMPTY_BODY = YES;
				CLANG_WARN_ENUM_CONVERSION = YES;
				CLANG_WARN_INFINITE_RECURSION = YES;
				CLANG_WARN_INT_CONVERSION = YES;
				CLANG_WARN_NON_LITERAL_NULL_CONVERSION = YES;
				CLANG_WARN_OBJC_IMPLICIT_RETAIN_SELF = YES;
				CLANG_WARN_OBJC_LITERAL_CONVERSION = YES;
				CLANG_WARN_OBJC_ROOT_CLASS = YES_ERROR;
				CLANG_WARN_QUOTED_INCLUDE_IN_FRAMEWORK_HEADER = YES;
				CLANG_WARN_RANGE_LOOP_ANALYSIS = YES;
				CLANG_WARN_STRICT_PROTOTYPES = YES;
				CLANG_WARN_SUSPICIOUS_MOVE = YES;
				CLANG_WARN_UNGUARDED_AVAILABILITY = YES_AGGRESSIVE;
				CLANG_WARN_UNREACHABLE_CODE = YES;
				CLANG_WARN__DUPLICATE_METHOD_MATCH = YES;
				COPY_PHASE_STRIP = NO;
				DEBUG_INFORMATION_FORMAT = "dwarf-with-dsym";
				ENABLE_NS_ASSERTIONS = NO;
				ENABLE_STRICT_OBJC_MSGSEND = YES;
				GCC_C_LANGUAGE_STANDARD = gnu11;
				GCC_NO_COMMON_BLOCKS = YES;
				GCC_WARN_64_TO_32_BIT_CONVERSION = YES;
				GCC_WARN_ABOUT_RETURN_TYPE = YES_ERROR;
				GCC_WARN_UNDECLARED_SELECTOR = YES;
				GCC_WARN_UNINITIALIZED_AUTOS = YES_AGGRESSIVE;
				GCC_WARN_UNUSED_FUNCTION = YES;
				GCC_WARN_UNUSED_VARIABLE = YES;
				IPHONEOS_DEPLOYMENT_TARGET = 14.0;
				MTL_ENABLE_DEBUG_INFO = NO;
				MTL_FAST_MATH = YES;
				SDKROOT = iphoneos;
				SWIFT_COMPILATION_MODE = wholemodule;
				SWIFT_OPTIMIZATION_LEVEL = "-O";
				VALIDATE_PRODUCT = YES;
			};
			name = Release;
		};
		DD54E65F24F70417007F6C22 /* Debug */ = {
			isa = XCBuildConfiguration;
			buildSettings = {
				ASSETCATALOG_COMPILER_APPICON_NAME = AppIcon;
				ASSETCATALOG_COMPILER_GLOBAL_ACCENT_COLOR_NAME = AccentColor;
				CODE_SIGN_STYLE = Automatic;
				DEVELOPMENT_ASSET_PATHS = "\"BYUH-History-Visualization-IOS/Preview Content\"";
				DEVELOPMENT_TEAM = 63U3GXQHHW;
				ENABLE_PREVIEWS = YES;
				INFOPLIST_FILE = "BYUH-History-Visualization-IOS/Info.plist";
				LD_RUNPATH_SEARCH_PATHS = (
					"$(inherited)",
					"@executable_path/Frameworks",
				);
				PRODUCT_BUNDLE_IDENTIFIER = "byuhhisvisios.cis.byuh.edu.BYUH-History-Visualization-IOS.BYUH-History-Visualization-IOS";
				PRODUCT_NAME = "$(TARGET_NAME)";
				SWIFT_VERSION = 5.0;
				TARGETED_DEVICE_FAMILY = "1,2";
			};
			name = Debug;
		};
		DD54E66024F70417007F6C22 /* Release */ = {
			isa = XCBuildConfiguration;
			buildSettings = {
				ASSETCATALOG_COMPILER_APPICON_NAME = AppIcon;
				ASSETCATALOG_COMPILER_GLOBAL_ACCENT_COLOR_NAME = AccentColor;
				CODE_SIGN_STYLE = Automatic;
				DEVELOPMENT_ASSET_PATHS = "\"BYUH-History-Visualization-IOS/Preview Content\"";
				DEVELOPMENT_TEAM = 63U3GXQHHW;
				ENABLE_PREVIEWS = YES;
				INFOPLIST_FILE = "BYUH-History-Visualization-IOS/Info.plist";
				LD_RUNPATH_SEARCH_PATHS = (
					"$(inherited)",
					"@executable_path/Frameworks",
				);
				PRODUCT_BUNDLE_IDENTIFIER = "byuhhisvisios.cis.byuh.edu.BYUH-History-Visualization-IOS.BYUH-History-Visualization-IOS";
				PRODUCT_NAME = "$(TARGET_NAME)";
				SWIFT_VERSION = 5.0;
				TARGETED_DEVICE_FAMILY = "1,2";
			};
			name = Release;
		};
/* End XCBuildConfiguration section */

/* Begin XCConfigurationList section */
		DD54E64524F70416007F6C22 /* Build configuration list for PBXProject "BYUH-History-Visualization-IOS" */ = {
			isa = XCConfigurationList;
			buildConfigurations = (
				DD54E65C24F70417007F6C22 /* Debug */,
				DD54E65D24F70417007F6C22 /* Release */,
			);
			defaultConfigurationIsVisible = 0;
			defaultConfigurationName = Release;
		};
		DD54E65E24F70417007F6C22 /* Build configuration list for PBXNativeTarget "BYUH-History-Visualization-IOS" */ = {
			isa = XCConfigurationList;
			buildConfigurations = (
				DD54E65F24F70417007F6C22 /* Debug */,
				DD54E66024F70417007F6C22 /* Release */,
			);
			defaultConfigurationIsVisible = 0;
			defaultConfigurationName = Release;
		};
/* End XCConfigurationList section */
	};
	rootObject = DD54E64224F70416007F6C22 /* Project object */;
}
